
Microsoft Visual Studio Solution File, Format Version 12.00
# Visual Studio Version 17
VisualStudioVersion = 17.0.31903.59
MinimumVisualStudioVersion = 10.0.40219.1
Project("{FAE04EC0-301F-11D3-BF4B-00C04F79EFBC}") = "SumaRecursividad", "SumaRecursividad\SumaRecursividad.csproj", "{037FEBBA-B592-4302-9969-6F350C7DB60A}"
EndProject
Project("{FAE04EC0-301F-11D3-BF4B-00C04F79EFBC}") = "NumPares", "NumPares\NumPares.csproj", "{86D1DABC-8E13-4B7A-91A8-0E820CC68146}"
EndProject
Project("{FAE04EC0-301F-11D3-BF4B-00C04F79EFBC}") = "Recursividad", "Recursividad\Recursividad.csproj", "{E83ABA53-3011-4D85-BD63-C601ABA39678}"
EndProject
Project("{FAE04EC0-301F-11D3-BF4B-00C04F79EFBC}") = "Factorial", "Factorial\Factorial.csproj", "{AAC92911-9163-4C34-AAB2-CD571F8F4CF8}"
EndProject
Project("{FAE04EC0-301F-11D3-BF4B-00C04F79EFBC}") = "Fibonacci", "Fibonacci\Fibonacci.csproj", "{673EA0EC-8287-4147-BB6C-9F93EF7D866F}"
EndProject
Project("{FAE04EC0-301F-11D3-BF4B-00C04F79EFBC}") = "Fibonaccii", "Fibonaccii\Fibonaccii.csproj", "{891A5A8F-BE1B-43B9-9B15-C0CCD83E7E25}"
EndProject
Project("{FAE04EC0-301F-11D3-BF4B-00C04F79EFBC}") = "Primos", "Primos\Primos.csproj", "{C114690E-BC83-4482-BED6-3C3B2D25E544}"
EndProject
Project("{FAE04EC0-301F-11D3-BF4B-00C04F79EFBC}") = "Encapsulation", "Encapsulation\Encapsulation.csproj", "{C6DD2881-C75B-43C8-A70B-18C62FDCE700}"
EndProject
Project("{FAE04EC0-301F-11D3-BF4B-00C04F79EFBC}") = "Numeric formatting", "Numeric formatting\Numeric formatting.csproj", "{B0BC5ADF-2DAF-4B67-B6BB-89DD1D9761F8}"
EndProject
Project("{FAE04EC0-301F-11D3-BF4B-00C04F79EFBC}") = "TryParse", "TryParse\TryParse.csproj", "{297B8D69-1AFB-4C17-B3A2-9DD11DFEAE04}"
EndProject
Project("{FAE04EC0-301F-11D3-BF4B-00C04F79EFBC}") = "Fizz Buzz Game", "Fizz Buzz Game\Fizz Buzz Game.csproj", "{2FEDE01C-A031-41CD-A58E-94D8A82A7677}"
EndProject
Project("{FAE04EC0-301F-11D3-BF4B-00C04F79EFBC}") = "PrintStringReverse&PassChecker", "PrintStringReverse&PassChecker\PrintStringReverse&PassChecker.csproj", "{2B7A4ABB-EC4F-4CC9-B4E8-CEF576766471}"
EndProject
Project("{FAE04EC0-301F-11D3-BF4B-00C04F79EFBC}") = "Arrays", "Arrays\Arrays.csproj", "{67070315-C12F-430A-903A-B777AF2198EE}"
EndProject
Project("{FAE04EC0-301F-11D3-BF4B-00C04F79EFBC}") = "Lists&Dictionaries", "Lists&Dictionaries\Lists&Dictionaries.csproj", "{D5865A87-AEE4-40C4-AA61-F7A9C053996C}"
EndProject
Project("{FAE04EC0-301F-11D3-BF4B-00C04F79EFBC}") = "NumberSplit&ArrayOfMultiples", "NumberSplit&ArrayOfMultiples\NumberSplit&ArrayOfMultiples.csproj", "{8509C55B-63B8-4E30-A131-05230A1D42C6}"
EndProject
Project("{FAE04EC0-301F-11D3-BF4B-00C04F79EFBC}") = "DataTable", "DataTable\DataTable.csproj", "{38F876CD-B468-4266-8187-1C6C42D83DB7}"
EndProject
Project("{FAE04EC0-301F-11D3-BF4B-00C04F79EFBC}") = "Functions", "Functions\Functions.csproj", "{B3310673-0CAD-45EF-87B5-742FDC4869B0}"
EndProject
Project("{FAE04EC0-301F-11D3-BF4B-00C04F79EFBC}") = "Exceptions&Errors", "Exceptions&Errors\Exceptions&Errors.csproj", "{64CFDF54-FEA3-48DE-87BF-A069FD9137CE}"
EndProject
Project("{FAE04EC0-301F-11D3-BF4B-00C04F79EFBC}") = "Structures", "Structures\Structures.csproj", "{63A7984F-5FBC-4453-8615-96BFC12F9701}"
EndProject
Project("{FAE04EC0-301F-11D3-BF4B-00C04F79EFBC}") = "Classes2", "Classes2\Classes2.csproj", "{B23DE184-86FC-41C4-BB4E-6B2C9C106FC6}"
EndProject
Project("{FAE04EC0-301F-11D3-BF4B-00C04F79EFBC}") = "Excersice-Files", "Excersice-Files\Excersice-Files.csproj", "{50B75F12-3F5B-4385-972E-56A9653411D6}"
EndProject
Project("{FAE04EC0-301F-11D3-BF4B-00C04F79EFBC}") = "U3ev1", "U3ev1\U3ev1.csproj", "{E167DB4A-25D6-465A-8F3E-2C950F21D347}"
EndProject
Project("{FAE04EC0-301F-11D3-BF4B-00C04F79EFBC}") = "U2Ev3-LoginValidation", "U2Ev3-LoginValidation\U2Ev3-LoginValidation.csproj", "{FD883D9F-44E9-4575-8197-DC32B9710D1A}"
EndProject
Global
	GlobalSection(SolutionConfigurationPlatforms) = preSolution
		Debug|Any CPU = Debug|Any CPU
		Debug|x64 = Debug|x64
		Debug|x86 = Debug|x86
		Release|Any CPU = Release|Any CPU
		Release|x64 = Release|x64
		Release|x86 = Release|x86
	EndGlobalSection
	GlobalSection(ProjectConfigurationPlatforms) = postSolution
		{037FEBBA-B592-4302-9969-6F350C7DB60A}.Debug|Any CPU.ActiveCfg = Debug|Any CPU
		{037FEBBA-B592-4302-9969-6F350C7DB60A}.Debug|Any CPU.Build.0 = Debug|Any CPU
		{037FEBBA-B592-4302-9969-6F350C7DB60A}.Debug|x64.ActiveCfg = Debug|Any CPU
		{037FEBBA-B592-4302-9969-6F350C7DB60A}.Debug|x64.Build.0 = Debug|Any CPU
		{037FEBBA-B592-4302-9969-6F350C7DB60A}.Debug|x86.ActiveCfg = Debug|Any CPU
		{037FEBBA-B592-4302-9969-6F350C7DB60A}.Debug|x86.Build.0 = Debug|Any CPU
		{037FEBBA-B592-4302-9969-6F350C7DB60A}.Release|Any CPU.ActiveCfg = Release|Any CPU
		{037FEBBA-B592-4302-9969-6F350C7DB60A}.Release|Any CPU.Build.0 = Release|Any CPU
		{037FEBBA-B592-4302-9969-6F350C7DB60A}.Release|x64.ActiveCfg = Release|Any CPU
		{037FEBBA-B592-4302-9969-6F350C7DB60A}.Release|x64.Build.0 = Release|Any CPU
		{037FEBBA-B592-4302-9969-6F350C7DB60A}.Release|x86.ActiveCfg = Release|Any CPU
		{037FEBBA-B592-4302-9969-6F350C7DB60A}.Release|x86.Build.0 = Release|Any CPU
		{86D1DABC-8E13-4B7A-91A8-0E820CC68146}.Debug|Any CPU.ActiveCfg = Debug|Any CPU
		{86D1DABC-8E13-4B7A-91A8-0E820CC68146}.Debug|Any CPU.Build.0 = Debug|Any CPU
		{86D1DABC-8E13-4B7A-91A8-0E820CC68146}.Debug|x64.ActiveCfg = Debug|Any CPU
		{86D1DABC-8E13-4B7A-91A8-0E820CC68146}.Debug|x64.Build.0 = Debug|Any CPU
		{86D1DABC-8E13-4B7A-91A8-0E820CC68146}.Debug|x86.ActiveCfg = Debug|Any CPU
		{86D1DABC-8E13-4B7A-91A8-0E820CC68146}.Debug|x86.Build.0 = Debug|Any CPU
		{86D1DABC-8E13-4B7A-91A8-0E820CC68146}.Release|Any CPU.ActiveCfg = Release|Any CPU
		{86D1DABC-8E13-4B7A-91A8-0E820CC68146}.Release|Any CPU.Build.0 = Release|Any CPU
		{86D1DABC-8E13-4B7A-91A8-0E820CC68146}.Release|x64.ActiveCfg = Release|Any CPU
		{86D1DABC-8E13-4B7A-91A8-0E820CC68146}.Release|x64.Build.0 = Release|Any CPU
		{86D1DABC-8E13-4B7A-91A8-0E820CC68146}.Release|x86.ActiveCfg = Release|Any CPU
		{86D1DABC-8E13-4B7A-91A8-0E820CC68146}.Release|x86.Build.0 = Release|Any CPU
		{E83ABA53-3011-4D85-BD63-C601ABA39678}.Debug|Any CPU.ActiveCfg = Debug|Any CPU
		{E83ABA53-3011-4D85-BD63-C601ABA39678}.Debug|Any CPU.Build.0 = Debug|Any CPU
		{E83ABA53-3011-4D85-BD63-C601ABA39678}.Debug|x64.ActiveCfg = Debug|Any CPU
		{E83ABA53-3011-4D85-BD63-C601ABA39678}.Debug|x64.Build.0 = Debug|Any CPU
		{E83ABA53-3011-4D85-BD63-C601ABA39678}.Debug|x86.ActiveCfg = Debug|Any CPU
		{E83ABA53-3011-4D85-BD63-C601ABA39678}.Debug|x86.Build.0 = Debug|Any CPU
		{E83ABA53-3011-4D85-BD63-C601ABA39678}.Release|Any CPU.ActiveCfg = Release|Any CPU
		{E83ABA53-3011-4D85-BD63-C601ABA39678}.Release|Any CPU.Build.0 = Release|Any CPU
		{E83ABA53-3011-4D85-BD63-C601ABA39678}.Release|x64.ActiveCfg = Release|Any CPU
		{E83ABA53-3011-4D85-BD63-C601ABA39678}.Release|x64.Build.0 = Release|Any CPU
		{E83ABA53-3011-4D85-BD63-C601ABA39678}.Release|x86.ActiveCfg = Release|Any CPU
		{E83ABA53-3011-4D85-BD63-C601ABA39678}.Release|x86.Build.0 = Release|Any CPU
		{AAC92911-9163-4C34-AAB2-CD571F8F4CF8}.Debug|Any CPU.ActiveCfg = Debug|Any CPU
		{AAC92911-9163-4C34-AAB2-CD571F8F4CF8}.Debug|Any CPU.Build.0 = Debug|Any CPU
		{AAC92911-9163-4C34-AAB2-CD571F8F4CF8}.Debug|x64.ActiveCfg = Debug|Any CPU
		{AAC92911-9163-4C34-AAB2-CD571F8F4CF8}.Debug|x64.Build.0 = Debug|Any CPU
		{AAC92911-9163-4C34-AAB2-CD571F8F4CF8}.Debug|x86.ActiveCfg = Debug|Any CPU
		{AAC92911-9163-4C34-AAB2-CD571F8F4CF8}.Debug|x86.Build.0 = Debug|Any CPU
		{AAC92911-9163-4C34-AAB2-CD571F8F4CF8}.Release|Any CPU.ActiveCfg = Release|Any CPU
		{AAC92911-9163-4C34-AAB2-CD571F8F4CF8}.Release|Any CPU.Build.0 = Release|Any CPU
		{AAC92911-9163-4C34-AAB2-CD571F8F4CF8}.Release|x64.ActiveCfg = Release|Any CPU
		{AAC92911-9163-4C34-AAB2-CD571F8F4CF8}.Release|x64.Build.0 = Release|Any CPU
		{AAC92911-9163-4C34-AAB2-CD571F8F4CF8}.Release|x86.ActiveCfg = Release|Any CPU
		{AAC92911-9163-4C34-AAB2-CD571F8F4CF8}.Release|x86.Build.0 = Release|Any CPU
		{673EA0EC-8287-4147-BB6C-9F93EF7D866F}.Debug|Any CPU.ActiveCfg = Debug|Any CPU
		{673EA0EC-8287-4147-BB6C-9F93EF7D866F}.Debug|Any CPU.Build.0 = Debug|Any CPU
		{673EA0EC-8287-4147-BB6C-9F93EF7D866F}.Debug|x64.ActiveCfg = Debug|Any CPU
		{673EA0EC-8287-4147-BB6C-9F93EF7D866F}.Debug|x64.Build.0 = Debug|Any CPU
		{673EA0EC-8287-4147-BB6C-9F93EF7D866F}.Debug|x86.ActiveCfg = Debug|Any CPU
		{673EA0EC-8287-4147-BB6C-9F93EF7D866F}.Debug|x86.Build.0 = Debug|Any CPU
		{673EA0EC-8287-4147-BB6C-9F93EF7D866F}.Release|Any CPU.ActiveCfg = Release|Any CPU
		{673EA0EC-8287-4147-BB6C-9F93EF7D866F}.Release|Any CPU.Build.0 = Release|Any CPU
		{673EA0EC-8287-4147-BB6C-9F93EF7D866F}.Release|x64.ActiveCfg = Release|Any CPU
		{673EA0EC-8287-4147-BB6C-9F93EF7D866F}.Release|x64.Build.0 = Release|Any CPU
		{673EA0EC-8287-4147-BB6C-9F93EF7D866F}.Release|x86.ActiveCfg = Release|Any CPU
		{673EA0EC-8287-4147-BB6C-9F93EF7D866F}.Release|x86.Build.0 = Release|Any CPU
		{891A5A8F-BE1B-43B9-9B15-C0CCD83E7E25}.Debug|Any CPU.ActiveCfg = Debug|Any CPU
		{891A5A8F-BE1B-43B9-9B15-C0CCD83E7E25}.Debug|Any CPU.Build.0 = Debug|Any CPU
		{891A5A8F-BE1B-43B9-9B15-C0CCD83E7E25}.Debug|x64.ActiveCfg = Debug|Any CPU
		{891A5A8F-BE1B-43B9-9B15-C0CCD83E7E25}.Debug|x64.Build.0 = Debug|Any CPU
		{891A5A8F-BE1B-43B9-9B15-C0CCD83E7E25}.Debug|x86.ActiveCfg = Debug|Any CPU
		{891A5A8F-BE1B-43B9-9B15-C0CCD83E7E25}.Debug|x86.Build.0 = Debug|Any CPU
		{891A5A8F-BE1B-43B9-9B15-C0CCD83E7E25}.Release|Any CPU.ActiveCfg = Release|Any CPU
		{891A5A8F-BE1B-43B9-9B15-C0CCD83E7E25}.Release|Any CPU.Build.0 = Release|Any CPU
		{891A5A8F-BE1B-43B9-9B15-C0CCD83E7E25}.Release|x64.ActiveCfg = Release|Any CPU
		{891A5A8F-BE1B-43B9-9B15-C0CCD83E7E25}.Release|x64.Build.0 = Release|Any CPU
		{891A5A8F-BE1B-43B9-9B15-C0CCD83E7E25}.Release|x86.ActiveCfg = Release|Any CPU
		{891A5A8F-BE1B-43B9-9B15-C0CCD83E7E25}.Release|x86.Build.0 = Release|Any CPU
		{C114690E-BC83-4482-BED6-3C3B2D25E544}.Debug|Any CPU.ActiveCfg = Debug|Any CPU
		{C114690E-BC83-4482-BED6-3C3B2D25E544}.Debug|Any CPU.Build.0 = Debug|Any CPU
		{C114690E-BC83-4482-BED6-3C3B2D25E544}.Debug|x64.ActiveCfg = Debug|Any CPU
		{C114690E-BC83-4482-BED6-3C3B2D25E544}.Debug|x64.Build.0 = Debug|Any CPU
		{C114690E-BC83-4482-BED6-3C3B2D25E544}.Debug|x86.ActiveCfg = Debug|Any CPU
		{C114690E-BC83-4482-BED6-3C3B2D25E544}.Debug|x86.Build.0 = Debug|Any CPU
		{C114690E-BC83-4482-BED6-3C3B2D25E544}.Release|Any CPU.ActiveCfg = Release|Any CPU
		{C114690E-BC83-4482-BED6-3C3B2D25E544}.Release|Any CPU.Build.0 = Release|Any CPU
		{C114690E-BC83-4482-BED6-3C3B2D25E544}.Release|x64.ActiveCfg = Release|Any CPU
		{C114690E-BC83-4482-BED6-3C3B2D25E544}.Release|x64.Build.0 = Release|Any CPU
		{C114690E-BC83-4482-BED6-3C3B2D25E544}.Release|x86.ActiveCfg = Release|Any CPU
		{C114690E-BC83-4482-BED6-3C3B2D25E544}.Release|x86.Build.0 = Release|Any CPU
		{C6DD2881-C75B-43C8-A70B-18C62FDCE700}.Debug|Any CPU.ActiveCfg = Debug|Any CPU
		{C6DD2881-C75B-43C8-A70B-18C62FDCE700}.Debug|Any CPU.Build.0 = Debug|Any CPU
		{C6DD2881-C75B-43C8-A70B-18C62FDCE700}.Debug|x64.ActiveCfg = Debug|Any CPU
		{C6DD2881-C75B-43C8-A70B-18C62FDCE700}.Debug|x64.Build.0 = Debug|Any CPU
		{C6DD2881-C75B-43C8-A70B-18C62FDCE700}.Debug|x86.ActiveCfg = Debug|Any CPU
		{C6DD2881-C75B-43C8-A70B-18C62FDCE700}.Debug|x86.Build.0 = Debug|Any CPU
		{C6DD2881-C75B-43C8-A70B-18C62FDCE700}.Release|Any CPU.ActiveCfg = Release|Any CPU
		{C6DD2881-C75B-43C8-A70B-18C62FDCE700}.Release|Any CPU.Build.0 = Release|Any CPU
		{C6DD2881-C75B-43C8-A70B-18C62FDCE700}.Release|x64.ActiveCfg = Release|Any CPU
		{C6DD2881-C75B-43C8-A70B-18C62FDCE700}.Release|x64.Build.0 = Release|Any CPU
		{C6DD2881-C75B-43C8-A70B-18C62FDCE700}.Release|x86.ActiveCfg = Release|Any CPU
		{C6DD2881-C75B-43C8-A70B-18C62FDCE700}.Release|x86.Build.0 = Release|Any CPU
		{B0BC5ADF-2DAF-4B67-B6BB-89DD1D9761F8}.Debug|Any CPU.ActiveCfg = Debug|Any CPU
		{B0BC5ADF-2DAF-4B67-B6BB-89DD1D9761F8}.Debug|Any CPU.Build.0 = Debug|Any CPU
		{B0BC5ADF-2DAF-4B67-B6BB-89DD1D9761F8}.Debug|x64.ActiveCfg = Debug|Any CPU
		{B0BC5ADF-2DAF-4B67-B6BB-89DD1D9761F8}.Debug|x64.Build.0 = Debug|Any CPU
		{B0BC5ADF-2DAF-4B67-B6BB-89DD1D9761F8}.Debug|x86.ActiveCfg = Debug|Any CPU
		{B0BC5ADF-2DAF-4B67-B6BB-89DD1D9761F8}.Debug|x86.Build.0 = Debug|Any CPU
		{B0BC5ADF-2DAF-4B67-B6BB-89DD1D9761F8}.Release|Any CPU.ActiveCfg = Release|Any CPU
		{B0BC5ADF-2DAF-4B67-B6BB-89DD1D9761F8}.Release|Any CPU.Build.0 = Release|Any CPU
		{B0BC5ADF-2DAF-4B67-B6BB-89DD1D9761F8}.Release|x64.ActiveCfg = Release|Any CPU
		{B0BC5ADF-2DAF-4B67-B6BB-89DD1D9761F8}.Release|x64.Build.0 = Release|Any CPU
		{B0BC5ADF-2DAF-4B67-B6BB-89DD1D9761F8}.Release|x86.ActiveCfg = Release|Any CPU
		{B0BC5ADF-2DAF-4B67-B6BB-89DD1D9761F8}.Release|x86.Build.0 = Release|Any CPU
		{297B8D69-1AFB-4C17-B3A2-9DD11DFEAE04}.Debug|Any CPU.ActiveCfg = Debug|Any CPU
		{297B8D69-1AFB-4C17-B3A2-9DD11DFEAE04}.Debug|Any CPU.Build.0 = Debug|Any CPU
		{297B8D69-1AFB-4C17-B3A2-9DD11DFEAE04}.Debug|x64.ActiveCfg = Debug|Any CPU
		{297B8D69-1AFB-4C17-B3A2-9DD11DFEAE04}.Debug|x64.Build.0 = Debug|Any CPU
		{297B8D69-1AFB-4C17-B3A2-9DD11DFEAE04}.Debug|x86.ActiveCfg = Debug|Any CPU
		{297B8D69-1AFB-4C17-B3A2-9DD11DFEAE04}.Debug|x86.Build.0 = Debug|Any CPU
		{297B8D69-1AFB-4C17-B3A2-9DD11DFEAE04}.Release|Any CPU.ActiveCfg = Release|Any CPU
		{297B8D69-1AFB-4C17-B3A2-9DD11DFEAE04}.Release|Any CPU.Build.0 = Release|Any CPU
		{297B8D69-1AFB-4C17-B3A2-9DD11DFEAE04}.Release|x64.ActiveCfg = Release|Any CPU
		{297B8D69-1AFB-4C17-B3A2-9DD11DFEAE04}.Release|x64.Build.0 = Release|Any CPU
		{297B8D69-1AFB-4C17-B3A2-9DD11DFEAE04}.Release|x86.ActiveCfg = Release|Any CPU
		{297B8D69-1AFB-4C17-B3A2-9DD11DFEAE04}.Release|x86.Build.0 = Release|Any CPU
		{2FEDE01C-A031-41CD-A58E-94D8A82A7677}.Debug|Any CPU.ActiveCfg = Debug|Any CPU
		{2FEDE01C-A031-41CD-A58E-94D8A82A7677}.Debug|Any CPU.Build.0 = Debug|Any CPU
		{2FEDE01C-A031-41CD-A58E-94D8A82A7677}.Debug|x64.ActiveCfg = Debug|Any CPU
		{2FEDE01C-A031-41CD-A58E-94D8A82A7677}.Debug|x64.Build.0 = Debug|Any CPU
		{2FEDE01C-A031-41CD-A58E-94D8A82A7677}.Debug|x86.ActiveCfg = Debug|Any CPU
		{2FEDE01C-A031-41CD-A58E-94D8A82A7677}.Debug|x86.Build.0 = Debug|Any CPU
		{2FEDE01C-A031-41CD-A58E-94D8A82A7677}.Release|Any CPU.ActiveCfg = Release|Any CPU
		{2FEDE01C-A031-41CD-A58E-94D8A82A7677}.Release|Any CPU.Build.0 = Release|Any CPU
		{2FEDE01C-A031-41CD-A58E-94D8A82A7677}.Release|x64.ActiveCfg = Release|Any CPU
		{2FEDE01C-A031-41CD-A58E-94D8A82A7677}.Release|x64.Build.0 = Release|Any CPU
		{2FEDE01C-A031-41CD-A58E-94D8A82A7677}.Release|x86.ActiveCfg = Release|Any CPU
		{2FEDE01C-A031-41CD-A58E-94D8A82A7677}.Release|x86.Build.0 = Release|Any CPU
		{2B7A4ABB-EC4F-4CC9-B4E8-CEF576766471}.Debug|Any CPU.ActiveCfg = Debug|Any CPU
		{2B7A4ABB-EC4F-4CC9-B4E8-CEF576766471}.Debug|Any CPU.Build.0 = Debug|Any CPU
		{2B7A4ABB-EC4F-4CC9-B4E8-CEF576766471}.Debug|x64.ActiveCfg = Debug|Any CPU
		{2B7A4ABB-EC4F-4CC9-B4E8-CEF576766471}.Debug|x64.Build.0 = Debug|Any CPU
		{2B7A4ABB-EC4F-4CC9-B4E8-CEF576766471}.Debug|x86.ActiveCfg = Debug|Any CPU
		{2B7A4ABB-EC4F-4CC9-B4E8-CEF576766471}.Debug|x86.Build.0 = Debug|Any CPU
		{2B7A4ABB-EC4F-4CC9-B4E8-CEF576766471}.Release|Any CPU.ActiveCfg = Release|Any CPU
		{2B7A4ABB-EC4F-4CC9-B4E8-CEF576766471}.Release|Any CPU.Build.0 = Release|Any CPU
		{2B7A4ABB-EC4F-4CC9-B4E8-CEF576766471}.Release|x64.ActiveCfg = Release|Any CPU
		{2B7A4ABB-EC4F-4CC9-B4E8-CEF576766471}.Release|x64.Build.0 = Release|Any CPU
		{2B7A4ABB-EC4F-4CC9-B4E8-CEF576766471}.Release|x86.ActiveCfg = Release|Any CPU
		{2B7A4ABB-EC4F-4CC9-B4E8-CEF576766471}.Release|x86.Build.0 = Release|Any CPU
		{67070315-C12F-430A-903A-B777AF2198EE}.Debug|Any CPU.ActiveCfg = Debug|Any CPU
		{67070315-C12F-430A-903A-B777AF2198EE}.Debug|Any CPU.Build.0 = Debug|Any CPU
		{67070315-C12F-430A-903A-B777AF2198EE}.Debug|x64.ActiveCfg = Debug|Any CPU
		{67070315-C12F-430A-903A-B777AF2198EE}.Debug|x64.Build.0 = Debug|Any CPU
		{67070315-C12F-430A-903A-B777AF2198EE}.Debug|x86.ActiveCfg = Debug|Any CPU
		{67070315-C12F-430A-903A-B777AF2198EE}.Debug|x86.Build.0 = Debug|Any CPU
		{67070315-C12F-430A-903A-B777AF2198EE}.Release|Any CPU.ActiveCfg = Release|Any CPU
		{67070315-C12F-430A-903A-B777AF2198EE}.Release|Any CPU.Build.0 = Release|Any CPU
		{67070315-C12F-430A-903A-B777AF2198EE}.Release|x64.ActiveCfg = Release|Any CPU
		{67070315-C12F-430A-903A-B777AF2198EE}.Release|x64.Build.0 = Release|Any CPU
		{67070315-C12F-430A-903A-B777AF2198EE}.Release|x86.ActiveCfg = Release|Any CPU
		{67070315-C12F-430A-903A-B777AF2198EE}.Release|x86.Build.0 = Release|Any CPU
		{D5865A87-AEE4-40C4-AA61-F7A9C053996C}.Debug|Any CPU.ActiveCfg = Debug|Any CPU
		{D5865A87-AEE4-40C4-AA61-F7A9C053996C}.Debug|Any CPU.Build.0 = Debug|Any CPU
		{D5865A87-AEE4-40C4-AA61-F7A9C053996C}.Debug|x64.ActiveCfg = Debug|Any CPU
		{D5865A87-AEE4-40C4-AA61-F7A9C053996C}.Debug|x64.Build.0 = Debug|Any CPU
		{D5865A87-AEE4-40C4-AA61-F7A9C053996C}.Debug|x86.ActiveCfg = Debug|Any CPU
		{D5865A87-AEE4-40C4-AA61-F7A9C053996C}.Debug|x86.Build.0 = Debug|Any CPU
		{D5865A87-AEE4-40C4-AA61-F7A9C053996C}.Release|Any CPU.ActiveCfg = Release|Any CPU
		{D5865A87-AEE4-40C4-AA61-F7A9C053996C}.Release|Any CPU.Build.0 = Release|Any CPU
		{D5865A87-AEE4-40C4-AA61-F7A9C053996C}.Release|x64.ActiveCfg = Release|Any CPU
		{D5865A87-AEE4-40C4-AA61-F7A9C053996C}.Release|x64.Build.0 = Release|Any CPU
		{D5865A87-AEE4-40C4-AA61-F7A9C053996C}.Release|x86.ActiveCfg = Release|Any CPU
		{D5865A87-AEE4-40C4-AA61-F7A9C053996C}.Release|x86.Build.0 = Release|Any CPU
		{8509C55B-63B8-4E30-A131-05230A1D42C6}.Debug|Any CPU.ActiveCfg = Debug|Any CPU
		{8509C55B-63B8-4E30-A131-05230A1D42C6}.Debug|Any CPU.Build.0 = Debug|Any CPU
		{8509C55B-63B8-4E30-A131-05230A1D42C6}.Debug|x64.ActiveCfg = Debug|Any CPU
		{8509C55B-63B8-4E30-A131-05230A1D42C6}.Debug|x64.Build.0 = Debug|Any CPU
		{8509C55B-63B8-4E30-A131-05230A1D42C6}.Debug|x86.ActiveCfg = Debug|Any CPU
		{8509C55B-63B8-4E30-A131-05230A1D42C6}.Debug|x86.Build.0 = Debug|Any CPU
		{8509C55B-63B8-4E30-A131-05230A1D42C6}.Release|Any CPU.ActiveCfg = Release|Any CPU
		{8509C55B-63B8-4E30-A131-05230A1D42C6}.Release|Any CPU.Build.0 = Release|Any CPU
		{8509C55B-63B8-4E30-A131-05230A1D42C6}.Release|x64.ActiveCfg = Release|Any CPU
		{8509C55B-63B8-4E30-A131-05230A1D42C6}.Release|x64.Build.0 = Release|Any CPU
		{8509C55B-63B8-4E30-A131-05230A1D42C6}.Release|x86.ActiveCfg = Release|Any CPU
		{8509C55B-63B8-4E30-A131-05230A1D42C6}.Release|x86.Build.0 = Release|Any CPU
		{38F876CD-B468-4266-8187-1C6C42D83DB7}.Debug|Any CPU.ActiveCfg = Debug|Any CPU
		{38F876CD-B468-4266-8187-1C6C42D83DB7}.Debug|Any CPU.Build.0 = Debug|Any CPU
		{38F876CD-B468-4266-8187-1C6C42D83DB7}.Debug|x64.ActiveCfg = Debug|Any CPU
		{38F876CD-B468-4266-8187-1C6C42D83DB7}.Debug|x64.Build.0 = Debug|Any CPU
		{38F876CD-B468-4266-8187-1C6C42D83DB7}.Debug|x86.ActiveCfg = Debug|Any CPU
		{38F876CD-B468-4266-8187-1C6C42D83DB7}.Debug|x86.Build.0 = Debug|Any CPU
		{38F876CD-B468-4266-8187-1C6C42D83DB7}.Release|Any CPU.ActiveCfg = Release|Any CPU
		{38F876CD-B468-4266-8187-1C6C42D83DB7}.Release|Any CPU.Build.0 = Release|Any CPU
		{38F876CD-B468-4266-8187-1C6C42D83DB7}.Release|x64.ActiveCfg = Release|Any CPU
		{38F876CD-B468-4266-8187-1C6C42D83DB7}.Release|x64.Build.0 = Release|Any CPU
		{38F876CD-B468-4266-8187-1C6C42D83DB7}.Release|x86.ActiveCfg = Release|Any CPU
		{38F876CD-B468-4266-8187-1C6C42D83DB7}.Release|x86.Build.0 = Release|Any CPU
		{B3310673-0CAD-45EF-87B5-742FDC4869B0}.Debug|Any CPU.ActiveCfg = Debug|Any CPU
		{B3310673-0CAD-45EF-87B5-742FDC4869B0}.Debug|Any CPU.Build.0 = Debug|Any CPU
		{B3310673-0CAD-45EF-87B5-742FDC4869B0}.Debug|x64.ActiveCfg = Debug|Any CPU
		{B3310673-0CAD-45EF-87B5-742FDC4869B0}.Debug|x64.Build.0 = Debug|Any CPU
		{B3310673-0CAD-45EF-87B5-742FDC4869B0}.Debug|x86.ActiveCfg = Debug|Any CPU
		{B3310673-0CAD-45EF-87B5-742FDC4869B0}.Debug|x86.Build.0 = Debug|Any CPU
		{B3310673-0CAD-45EF-87B5-742FDC4869B0}.Release|Any CPU.ActiveCfg = Release|Any CPU
		{B3310673-0CAD-45EF-87B5-742FDC4869B0}.Release|Any CPU.Build.0 = Release|Any CPU
		{B3310673-0CAD-45EF-87B5-742FDC4869B0}.Release|x64.ActiveCfg = Release|Any CPU
		{B3310673-0CAD-45EF-87B5-742FDC4869B0}.Release|x64.Build.0 = Release|Any CPU
		{B3310673-0CAD-45EF-87B5-742FDC4869B0}.Release|x86.ActiveCfg = Release|Any CPU
		{B3310673-0CAD-45EF-87B5-742FDC4869B0}.Release|x86.Build.0 = Release|Any CPU
		{64CFDF54-FEA3-48DE-87BF-A069FD9137CE}.Debug|Any CPU.ActiveCfg = Debug|Any CPU
		{64CFDF54-FEA3-48DE-87BF-A069FD9137CE}.Debug|Any CPU.Build.0 = Debug|Any CPU
		{64CFDF54-FEA3-48DE-87BF-A069FD9137CE}.Debug|x64.ActiveCfg = Debug|Any CPU
		{64CFDF54-FEA3-48DE-87BF-A069FD9137CE}.Debug|x64.Build.0 = Debug|Any CPU
		{64CFDF54-FEA3-48DE-87BF-A069FD9137CE}.Debug|x86.ActiveCfg = Debug|Any CPU
		{64CFDF54-FEA3-48DE-87BF-A069FD9137CE}.Debug|x86.Build.0 = Debug|Any CPU
		{64CFDF54-FEA3-48DE-87BF-A069FD9137CE}.Release|Any CPU.ActiveCfg = Release|Any CPU
		{64CFDF54-FEA3-48DE-87BF-A069FD9137CE}.Release|Any CPU.Build.0 = Release|Any CPU
		{64CFDF54-FEA3-48DE-87BF-A069FD9137CE}.Release|x64.ActiveCfg = Release|Any CPU
		{64CFDF54-FEA3-48DE-87BF-A069FD9137CE}.Release|x64.Build.0 = Release|Any CPU
		{64CFDF54-FEA3-48DE-87BF-A069FD9137CE}.Release|x86.ActiveCfg = Release|Any CPU
		{64CFDF54-FEA3-48DE-87BF-A069FD9137CE}.Release|x86.Build.0 = Release|Any CPU
		{63A7984F-5FBC-4453-8615-96BFC12F9701}.Debug|Any CPU.ActiveCfg = Debug|Any CPU
		{63A7984F-5FBC-4453-8615-96BFC12F9701}.Debug|Any CPU.Build.0 = Debug|Any CPU
		{63A7984F-5FBC-4453-8615-96BFC12F9701}.Debug|x64.ActiveCfg = Debug|Any CPU
		{63A7984F-5FBC-4453-8615-96BFC12F9701}.Debug|x64.Build.0 = Debug|Any CPU
		{63A7984F-5FBC-4453-8615-96BFC12F9701}.Debug|x86.ActiveCfg = Debug|Any CPU
		{63A7984F-5FBC-4453-8615-96BFC12F9701}.Debug|x86.Build.0 = Debug|Any CPU
		{63A7984F-5FBC-4453-8615-96BFC12F9701}.Release|Any CPU.ActiveCfg = Release|Any CPU
		{63A7984F-5FBC-4453-8615-96BFC12F9701}.Release|Any CPU.Build.0 = Release|Any CPU
		{63A7984F-5FBC-4453-8615-96BFC12F9701}.Release|x64.ActiveCfg = Release|Any CPU
		{63A7984F-5FBC-4453-8615-96BFC12F9701}.Release|x64.Build.0 = Release|Any CPU
		{63A7984F-5FBC-4453-8615-96BFC12F9701}.Release|x86.ActiveCfg = Release|Any CPU
		{63A7984F-5FBC-4453-8615-96BFC12F9701}.Release|x86.Build.0 = Release|Any CPU
		{B23DE184-86FC-41C4-BB4E-6B2C9C106FC6}.Debug|Any CPU.ActiveCfg = Debug|Any CPU
		{B23DE184-86FC-41C4-BB4E-6B2C9C106FC6}.Debug|Any CPU.Build.0 = Debug|Any CPU
		{B23DE184-86FC-41C4-BB4E-6B2C9C106FC6}.Debug|x64.ActiveCfg = Debug|Any CPU
		{B23DE184-86FC-41C4-BB4E-6B2C9C106FC6}.Debug|x64.Build.0 = Debug|Any CPU
		{B23DE184-86FC-41C4-BB4E-6B2C9C106FC6}.Debug|x86.ActiveCfg = Debug|Any CPU
		{B23DE184-86FC-41C4-BB4E-6B2C9C106FC6}.Debug|x86.Build.0 = Debug|Any CPU
		{B23DE184-86FC-41C4-BB4E-6B2C9C106FC6}.Release|Any CPU.ActiveCfg = Release|Any CPU
		{B23DE184-86FC-41C4-BB4E-6B2C9C106FC6}.Release|Any CPU.Build.0 = Release|Any CPU
		{B23DE184-86FC-41C4-BB4E-6B2C9C106FC6}.Release|x64.ActiveCfg = Release|Any CPU
		{B23DE184-86FC-41C4-BB4E-6B2C9C106FC6}.Release|x64.Build.0 = Release|Any CPU
		{B23DE184-86FC-41C4-BB4E-6B2C9C106FC6}.Release|x86.ActiveCfg = Release|Any CPU
		{B23DE184-86FC-41C4-BB4E-6B2C9C106FC6}.Release|x86.Build.0 = Release|Any CPU
		{50B75F12-3F5B-4385-972E-56A9653411D6}.Debug|Any CPU.ActiveCfg = Debug|Any CPU
		{50B75F12-3F5B-4385-972E-56A9653411D6}.Debug|Any CPU.Build.0 = Debug|Any CPU
		{50B75F12-3F5B-4385-972E-56A9653411D6}.Debug|x64.ActiveCfg = Debug|Any CPU
		{50B75F12-3F5B-4385-972E-56A9653411D6}.Debug|x64.Build.0 = Debug|Any CPU
		{50B75F12-3F5B-4385-972E-56A9653411D6}.Debug|x86.ActiveCfg = Debug|Any CPU
		{50B75F12-3F5B-4385-972E-56A9653411D6}.Debug|x86.Build.0 = Debug|Any CPU
		{50B75F12-3F5B-4385-972E-56A9653411D6}.Release|Any CPU.ActiveCfg = Release|Any CPU
		{50B75F12-3F5B-4385-972E-56A9653411D6}.Release|Any CPU.Build.0 = Release|Any CPU
		{50B75F12-3F5B-4385-972E-56A9653411D6}.Release|x64.ActiveCfg = Release|Any CPU
		{50B75F12-3F5B-4385-972E-56A9653411D6}.Release|x64.Build.0 = Release|Any CPU
		{50B75F12-3F5B-4385-972E-56A9653411D6}.Release|x86.ActiveCfg = Release|Any CPU
		{50B75F12-3F5B-4385-972E-56A9653411D6}.Release|x86.Build.0 = Release|Any CPU
		{E167DB4A-25D6-465A-8F3E-2C950F21D347}.Debug|Any CPU.ActiveCfg = Debug|Any CPU
		{E167DB4A-25D6-465A-8F3E-2C950F21D347}.Debug|Any CPU.Build.0 = Debug|Any CPU
		{E167DB4A-25D6-465A-8F3E-2C950F21D347}.Debug|x64.ActiveCfg = Debug|Any CPU
		{E167DB4A-25D6-465A-8F3E-2C950F21D347}.Debug|x64.Build.0 = Debug|Any CPU
		{E167DB4A-25D6-465A-8F3E-2C950F21D347}.Debug|x86.ActiveCfg = Debug|Any CPU
		{E167DB4A-25D6-465A-8F3E-2C950F21D347}.Debug|x86.Build.0 = Debug|Any CPU
		{E167DB4A-25D6-465A-8F3E-2C950F21D347}.Release|Any CPU.ActiveCfg = Release|Any CPU
		{E167DB4A-25D6-465A-8F3E-2C950F21D347}.Release|Any CPU.Build.0 = Release|Any CPU
		{E167DB4A-25D6-465A-8F3E-2C950F21D347}.Release|x64.ActiveCfg = Release|Any CPU
		{E167DB4A-25D6-465A-8F3E-2C950F21D347}.Release|x64.Build.0 = Release|Any CPU
		{E167DB4A-25D6-465A-8F3E-2C950F21D347}.Release|x86.ActiveCfg = Release|Any CPU
		{E167DB4A-25D6-465A-8F3E-2C950F21D347}.Release|x86.Build.0 = Release|Any CPU
		{FD883D9F-44E9-4575-8197-DC32B9710D1A}.Debug|Any CPU.ActiveCfg = Debug|Any CPU
		{FD883D9F-44E9-4575-8197-DC32B9710D1A}.Debug|Any CPU.Build.0 = Debug|Any CPU
		{FD883D9F-44E9-4575-8197-DC32B9710D1A}.Debug|x64.ActiveCfg = Debug|Any CPU
		{FD883D9F-44E9-4575-8197-DC32B9710D1A}.Debug|x64.Build.0 = Debug|Any CPU
		{FD883D9F-44E9-4575-8197-DC32B9710D1A}.Debug|x86.ActiveCfg = Debug|Any CPU
		{FD883D9F-44E9-4575-8197-DC32B9710D1A}.Debug|x86.Build.0 = Debug|Any CPU
		{FD883D9F-44E9-4575-8197-DC32B9710D1A}.Release|Any CPU.ActiveCfg = Release|Any CPU
		{FD883D9F-44E9-4575-8197-DC32B9710D1A}.Release|Any CPU.Build.0 = Release|Any CPU
		{FD883D9F-44E9-4575-8197-DC32B9710D1A}.Release|x64.ActiveCfg = Release|Any CPU
		{FD883D9F-44E9-4575-8197-DC32B9710D1A}.Release|x64.Build.0 = Release|Any CPU
		{FD883D9F-44E9-4575-8197-DC32B9710D1A}.Release|x86.ActiveCfg = Release|Any CPU
		{FD883D9F-44E9-4575-8197-DC32B9710D1A}.Release|x86.Build.0 = Release|Any CPU
	EndGlobalSection
	GlobalSection(SolutionProperties) = preSolution
		HideSolutionNode = FALSE
	EndGlobalSection
EndGlobal
